
Microsoft Visual Studio Solution File, Format Version 12.00
# Visual Studio 2013
VisualStudioVersion = 12.0.21005.1
MinimumVisualStudioVersion = 10.0.40219.1
Project("{262852C6-CD72-467D-83FE-5EEB1973A190}") = "app-win8.1", "src\app-win8.1\app-win8.1.jsproj", "{AAD4D172-8701-48BF-82BD-68A96955BDBB}"
EndProject
Global
	GlobalSection(SolutionConfigurationPlatforms) = preSolution
		Debug|Any CPU = Debug|Any CPU
		Debug|ARM = Debug|ARM
		Debug|x64 = Debug|x64
		Debug|x86 = Debug|x86
		Release|Any CPU = Release|Any CPU
		Release|ARM = Release|ARM
		Release|x64 = Release|x64
		Release|x86 = Release|x86
	EndGlobalSection
	GlobalSection(ProjectConfigurationPlatforms) = postSolution
		{AAD4D172-8701-48BF-82BD-68A96955BDBB}.Debug|Any CPU.ActiveCfg = Debug|Any CPU
		{AAD4D172-8701-48BF-82BD-68A96955BDBB}.Debug|Any CPU.Build.0 = Debug|Any CPU
		{AAD4D172-8701-48BF-82BD-68A96955BDBB}.Debug|Any CPU.Deploy.0 = Debug|Any CPU
		{AAD4D172-8701-48BF-82BD-68A96955BDBB}.Debug|ARM.ActiveCfg = Debug|ARM
		{AAD4D172-8701-48BF-82BD-68A96955BDBB}.Debug|ARM.Build.0 = Debug|ARM
		{AAD4D172-8701-48BF-82BD-68A96955BDBB}.Debug|ARM.Deploy.0 = Debug|ARM
		{AAD4D172-8701-48BF-82BD-68A96955BDBB}.Debug|x64.ActiveCfg = Debug|x64
		{AAD4D172-8701-48BF-82BD-68A96955BDBB}.Debug|x64.Build.0 = Debug|x64
		{AAD4D172-8701-48BF-82BD-68A96955BDBB}.Debug|x64.Deploy.0 = Debug|x64
		{AAD4D172-8701-48BF-82BD-68A96955BDBB}.Debug|x86.ActiveCfg = Debug|x86
		{AAD4D172-8701-48BF-82BD-68A96955BDBB}.Debug|x86.Build.0 = Debug|x86
		{AAD4D172-8701-48BF-82BD-68A96955BDBB}.Debug|x86.Deploy.0 = Debug|x86
		{AAD4D172-8701-48BF-82BD-68A96955BDBB}.Release|Any CPU.ActiveCfg = Release|Any CPU
		{AAD4D172-8701-48BF-82BD-68A96955BDBB}.Release|Any CPU.Build.0 = Release|Any CPU
		{AAD4D172-8701-48BF-82BD-68A96955BDBB}.Release|Any CPU.Deploy.0 = Release|Any CPU
		{AAD4D172-8701-48BF-82BD-68A96955BDBB}.Release|ARM.ActiveCfg = Release|ARM
		{AAD4D172-8701-48BF-82BD-68A96955BDBB}.Release|ARM.Build.0 = Release|ARM
		{AAD4D172-8701-48BF-82BD-68A96955BDBB}.Release|ARM.Deploy.0 = Release|ARM
		{AAD4D172-8701-48BF-82BD-68A96955BDBB}.Release|x64.ActiveCfg = Release|x64
		{AAD4D172-8701-48BF-82BD-68A96955BDBB}.Release|x64.Build.0 = Release|x64
		{AAD4D172-8701-48BF-82BD-68A96955BDBB}.Release|x64.Deploy.0 = Release|x64
		{AAD4D172-8701-48BF-82BD-68A96955BDBB}.Release|x86.ActiveCfg = Release|x86
		{AAD4D172-8701-48BF-82BD-68A96955BDBB}.Release|x86.Build.0 = Release|x86
		{AAD4D172-8701-48BF-82BD-68A96955BDBB}.Release|x86.Deploy.0 = Release|x86
	EndGlobalSection
	GlobalSection(SolutionProperties) = preSolution
		HideSolutionNode = FALSE
	EndGlobalSection
EndGlobal
